
Microsoft Visual Studio Solution File, Format Version 12.00
# Visual Studio 15
VisualStudioVersion = 15.0.27130.2003
MinimumVisualStudioVersion = 10.0.40219.1
Project("{FAE04EC0-301F-11D3-BF4B-00C04F79EFBC}") = "Intellisense", "Intellisense\Intellisense.csproj", "{D6232E8D-83E8-4E50-8220-E48EC1D68548}"
EndProject
Global
	GlobalSection(SolutionConfigurationPlatforms) = preSolution
		Debug|Any CPU = Debug|Any CPU
		Release|Any CPU = Release|Any CPU
	EndGlobalSection
	GlobalSection(ProjectConfigurationPlatforms) = postSolution
		{D6232E8D-83E8-4E50-8220-E48EC1D68548}.Debug|Any CPU.ActiveCfg = Debug|Any CPU
		{D6232E8D-83E8-4E50-8220-E48EC1D68548}.Debug|Any CPU.Build.0 = Debug|Any CPU
		{D6232E8D-83E8-4E50-8220-E48EC1D68548}.Release|Any CPU.ActiveCfg = Release|Any CPU
		{D6232E8D-83E8-4E50-8220-E48EC1D68548}.Release|Any CPU.Build.0 = Release|Any CPU
	EndGlobalSection
	GlobalSection(SolutionProperties) = preSolution
		HideSolutionNode = FALSE
	EndGlobalSection
	GlobalSection(ExtensibilityGlobals) = postSolution
		SolutionGuid = {9715A13C-7ED9-4BEE-A330-64D95AC9BD5D}
	EndGlobalSection
EndGlobal
