
Microsoft Visual Studio Solution File, Format Version 12.00
# Visual Studio Version 16
VisualStudioVersion = 16.0.31112.23
MinimumVisualStudioVersion = 10.0.40219.1
Project("{FAE04EC0-301F-11D3-BF4B-00C04F79EFBC}") = "Api.Http", "Api.Http\Api.Http.csproj", "{47915940-78CA-4EA3-99EB-D7AE82834EF8}"
EndProject
Global
	GlobalSection(SolutionConfigurationPlatforms) = preSolution
		Debug|Any CPU = Debug|Any CPU
		Release|Any CPU = Release|Any CPU
	EndGlobalSection
	GlobalSection(ProjectConfigurationPlatforms) = postSolution
		{47915940-78CA-4EA3-99EB-D7AE82834EF8}.Debug|Any CPU.ActiveCfg = Debug|Any CPU
		{47915940-78CA-4EA3-99EB-D7AE82834EF8}.Debug|Any CPU.Build.0 = Debug|Any CPU
		{47915940-78CA-4EA3-99EB-D7AE82834EF8}.Release|Any CPU.ActiveCfg = Release|Any CPU
		{47915940-78CA-4EA3-99EB-D7AE82834EF8}.Release|Any CPU.Build.0 = Release|Any CPU
	EndGlobalSection
	GlobalSection(SolutionProperties) = preSolution
		HideSolutionNode = FALSE
	EndGlobalSection
	GlobalSection(ExtensibilityGlobals) = postSolution
		SolutionGuid = {D3B8CA71-6199-401C-AB8A-F12BA691C4BF}
	EndGlobalSection
EndGlobal
